
Microsoft Visual Studio Solution File, Format Version 12.00
# Visual Studio 14
VisualStudioVersion = 14.0.25420.1
MinimumVisualStudioVersion = 10.0.40219.1
Project("{8BC9CEB8-8B4A-11D0-8D11-00A0C91BC942}") = "XOpenGL_1.0", "XOpenGL_1.0\XOpenGL_1.0.vcxproj", "{9D8EEBD4-E0B9-4999-B7F3-D5026BD5D01C}"
EndProject
Project("{8BC9CEB8-8B4A-11D0-8D11-00A0C91BC942}") = "OpenGL-Win32", "OpenGL-Win32\OpenGL-Win32.vcxproj", "{D2042BAD-FE04-4D2C-86C6-59AFB77018D9}"
EndProject
Project("{8BC9CEB8-8B4A-11D0-8D11-00A0C91BC942}") = "OpenGL-MFC-Dialog", "OpenGL-MFC-Dialog\OpenGL-MFC-Dialog.vcxproj", "{7A1F8B5D-52E0-4B23-A47E-E60B3BE40E37}"
EndProject
Project("{8BC9CEB8-8B4A-11D0-8D11-00A0C91BC942}") = "OpenGL-MFC-SDI", "OpenGL-MFC-SDI\OpenGL-MFC-SDI.vcxproj", "{00F55156-53BA-40CC-8B24-A66AB6CF14F9}"
EndProject
Project("{8BC9CEB8-8B4A-11D0-8D11-00A0C91BC942}") = "OpenGL-MFC-MDI", "OpenGL-MFC-MDI\OpenGL-MFC-MDI.vcxproj", "{72093A1D-D089-4620-BE46-053703021074}"
EndProject
Global
	GlobalSection(SolutionConfigurationPlatforms) = preSolution
		Debug|x64 = Debug|x64
		Debug|x86 = Debug|x86
		Release|x64 = Release|x64
		Release|x86 = Release|x86
	EndGlobalSection
	GlobalSection(ProjectConfigurationPlatforms) = postSolution
		{9D8EEBD4-E0B9-4999-B7F3-D5026BD5D01C}.Debug|x64.ActiveCfg = Debug|x64
		{9D8EEBD4-E0B9-4999-B7F3-D5026BD5D01C}.Debug|x64.Build.0 = Debug|x64
		{9D8EEBD4-E0B9-4999-B7F3-D5026BD5D01C}.Debug|x86.ActiveCfg = Debug|Win32
		{9D8EEBD4-E0B9-4999-B7F3-D5026BD5D01C}.Debug|x86.Build.0 = Debug|Win32
		{9D8EEBD4-E0B9-4999-B7F3-D5026BD5D01C}.Release|x64.ActiveCfg = Release|x64
		{9D8EEBD4-E0B9-4999-B7F3-D5026BD5D01C}.Release|x64.Build.0 = Release|x64
		{9D8EEBD4-E0B9-4999-B7F3-D5026BD5D01C}.Release|x86.ActiveCfg = Release|Win32
		{9D8EEBD4-E0B9-4999-B7F3-D5026BD5D01C}.Release|x86.Build.0 = Release|Win32
		{D2042BAD-FE04-4D2C-86C6-59AFB77018D9}.Debug|x64.ActiveCfg = Debug|x64
		{D2042BAD-FE04-4D2C-86C6-59AFB77018D9}.Debug|x64.Build.0 = Debug|x64
		{D2042BAD-FE04-4D2C-86C6-59AFB77018D9}.Debug|x86.ActiveCfg = Debug|Win32
		{D2042BAD-FE04-4D2C-86C6-59AFB77018D9}.Debug|x86.Build.0 = Debug|Win32
		{D2042BAD-FE04-4D2C-86C6-59AFB77018D9}.Release|x64.ActiveCfg = Release|x64
		{D2042BAD-FE04-4D2C-86C6-59AFB77018D9}.Release|x64.Build.0 = Release|x64
		{D2042BAD-FE04-4D2C-86C6-59AFB77018D9}.Release|x86.ActiveCfg = Release|Win32
		{D2042BAD-FE04-4D2C-86C6-59AFB77018D9}.Release|x86.Build.0 = Release|Win32
		{7A1F8B5D-52E0-4B23-A47E-E60B3BE40E37}.Debug|x64.ActiveCfg = Debug|x64
		{7A1F8B5D-52E0-4B23-A47E-E60B3BE40E37}.Debug|x64.Build.0 = Debug|x64
		{7A1F8B5D-52E0-4B23-A47E-E60B3BE40E37}.Debug|x86.ActiveCfg = Debug|Win32
		{7A1F8B5D-52E0-4B23-A47E-E60B3BE40E37}.Debug|x86.Build.0 = Debug|Win32
		{7A1F8B5D-52E0-4B23-A47E-E60B3BE40E37}.Release|x64.ActiveCfg = Release|x64
		{7A1F8B5D-52E0-4B23-A47E-E60B3BE40E37}.Release|x64.Build.0 = Release|x64
		{7A1F8B5D-52E0-4B23-A47E-E60B3BE40E37}.Release|x86.ActiveCfg = Release|Win32
		{7A1F8B5D-52E0-4B23-A47E-E60B3BE40E37}.Release|x86.Build.0 = Release|Win32
		{00F55156-53BA-40CC-8B24-A66AB6CF14F9}.Debug|x64.ActiveCfg = Debug|x64
		{00F55156-53BA-40CC-8B24-A66AB6CF14F9}.Debug|x64.Build.0 = Debug|x64
		{00F55156-53BA-40CC-8B24-A66AB6CF14F9}.Debug|x86.ActiveCfg = Debug|Win32
		{00F55156-53BA-40CC-8B24-A66AB6CF14F9}.Debug|x86.Build.0 = Debug|Win32
		{00F55156-53BA-40CC-8B24-A66AB6CF14F9}.Release|x64.ActiveCfg = Release|x64
		{00F55156-53BA-40CC-8B24-A66AB6CF14F9}.Release|x64.Build.0 = Release|x64
		{00F55156-53BA-40CC-8B24-A66AB6CF14F9}.Release|x86.ActiveCfg = Release|Win32
		{00F55156-53BA-40CC-8B24-A66AB6CF14F9}.Release|x86.Build.0 = Release|Win32
		{72093A1D-D089-4620-BE46-053703021074}.Debug|x64.ActiveCfg = Debug|x64
		{72093A1D-D089-4620-BE46-053703021074}.Debug|x64.Build.0 = Debug|x64
		{72093A1D-D089-4620-BE46-053703021074}.Debug|x86.ActiveCfg = Debug|Win32
		{72093A1D-D089-4620-BE46-053703021074}.Debug|x86.Build.0 = Debug|Win32
		{72093A1D-D089-4620-BE46-053703021074}.Release|x64.ActiveCfg = Release|x64
		{72093A1D-D089-4620-BE46-053703021074}.Release|x64.Build.0 = Release|x64
		{72093A1D-D089-4620-BE46-053703021074}.Release|x86.ActiveCfg = Release|Win32
		{72093A1D-D089-4620-BE46-053703021074}.Release|x86.Build.0 = Release|Win32
	EndGlobalSection
	GlobalSection(SolutionProperties) = preSolution
		HideSolutionNode = FALSE
	EndGlobalSection
EndGlobal
