
Microsoft Visual Studio Solution File, Format Version 12.00
# Visual Studio 14
VisualStudioVersion = 14.0.25420.1
MinimumVisualStudioVersion = 10.0.40219.1
Project("{8BC9CEB8-8B4A-11D0-8D11-00A0C91BC942}") = "XOpenGL_1.0", "XOpenGL_1.0\XOpenGL_1.0.vcxproj", "{9D8EEBD4-E0B9-4999-B7F3-D5026BD5D01C}"
EndProject
Project("{8BC9CEB8-8B4A-11D0-8D11-00A0C91BC942}") = "OpenGL-Win32", "OpenGL-Win32\OpenGL-Win32.vcxproj", "{D2042BAD-FE04-4D2C-86C6-59AFB77018D9}"
EndProject
Project("{8BC9CEB8-8B4A-11D0-8D11-00A0C91BC942}") = "OpenGL-MFC-Dialog", "OpenGL-MFC-Dialog\OpenGL-MFC-Dialog.vcxproj", "{7A1F8B5D-52E0-4B23-A47E-E60B3BE40E37}"
EndProject
Project("{8BC9CEB8-8B4A-11D0-8D11-00A0C91BC942}") = "OpenGL-MFC-SDI", "OpenGL-MFC-SDI\OpenGL-MFC-SDI.vcxproj", "{00F55156-53BA-40CC-8B24-A66AB6CF14F9}"
EndProject
Project("{8BC9CEB8-8B4A-11D0-8D11-00A0C91BC942}") = "OpenGL-MFC-MDI", "OpenGL-MFC-MDI\OpenGL-MFC-MDI.vcxproj", "{72093A1D-D089-4620-BE46-053703021074}"
EndProject
Project("{8BC9CEB8-8B4A-11D0-8D11-00A0C91BC942}") = "OpenGLES2.0-Win32", "OpenGLES2.0-Win32\OpenGLES2.0-Win32.vcxproj", "{2C282045-A5C2-4432-B4B4-74F314196BBE}"
EndProject
Project("{8BC9CEB8-8B4A-11D0-8D11-00A0C91BC942}") = "OpenGLES2.0-MFC-Dialog", "OpenGLES2.0-MFC-Dialog\OpenGLES2.0-MFC-Dialog.vcxproj", "{6ED70013-74D7-4CD4-AF24-D5D1EA476C52}"
EndProject
Project("{8BC9CEB8-8B4A-11D0-8D11-00A0C91BC942}") = "OpenGLES2.0-Win32-FullScreen", "OpenGLES2.0-Win32-FullScreen\OpenGLES2.0-Win32-FullScreen.vcxproj", "{521EA97F-6E14-4EE6-9977-939FF2D536D6}"
EndProject
Project("{8BC9CEB8-8B4A-11D0-8D11-00A0C91BC942}") = "OpenGL-Win32-FullScreen", "OpenGL-Win32-FullScreen\OpenGL-Win32-FullScreen.vcxproj", "{D30034BD-0A4B-4CD7-8C6D-FAF0B5DCAC3B}"
EndProject
Project("{8BC9CEB8-8B4A-11D0-8D11-00A0C91BC942}") = "OpenGL-Glut", "OpenGL-Glut\OpenGL-Glut.vcxproj", "{05530C38-BB43-48A4-9114-B6EFA4033539}"
EndProject
Project("{8BC9CEB8-8B4A-11D0-8D11-00A0C91BC942}") = "OpenGL-Glfw", "OpenGL-Glfw\OpenGL-Glfw.vcxproj", "{1F6F3F9C-6784-4EB9-A142-4C884BB16845}"
EndProject
Project("{8BC9CEB8-8B4A-11D0-8D11-00A0C91BC942}") = "OpenGL-QT", "OpenGL-QT\OpenGL-QT.vcxproj", "{B12702AD-ABFB-343A-A199-8E24837244A3}"
EndProject
Project("{8BC9CEB8-8B4A-11D0-8D11-00A0C91BC942}") = "OpenGLES2.0-QT", "OpenGLES2.0-QT\OpenGLES2.0-QT.vcxproj", "{3615DBF4-4C15-4185-969E-BCEF2CFA1389}"
EndProject
Project("{8BC9CEB8-8B4A-11D0-8D11-00A0C91BC942}") = "Lua", "Lua\Lua.vcxproj", "{9FC8CD82-10FC-4C44-8BE3-2D4B6115D479}"
EndProject
Project("{8BC9CEB8-8B4A-11D0-8D11-00A0C91BC942}") = "Lua-CppCallLua", "Lua-CppCallLua\Lua-CppCallLua.vcxproj", "{6B0AAB0E-14C7-4558-80DF-547AE80C6872}"
EndProject
Project("{8BC9CEB8-8B4A-11D0-8D11-00A0C91BC942}") = "Lua-LuaCallCpp", "Lua-LuaCallCpp\Lua-LuaCallCpp.vcxproj", "{141409B5-3876-443D-9A25-18FB2D707A15}"
EndProject
Project("{8BC9CEB8-8B4A-11D0-8D11-00A0C91BC942}") = "Lua_Closure", "Lua_Closure\Lua_Closure.vcxproj", "{28AF3A72-07B6-4D50-9DC7-18EAF0629375}"
EndProject
Project("{8BC9CEB8-8B4A-11D0-8D11-00A0C91BC942}") = "Lua_MetaTable", "Lua_MetaTable\Lua_MetaTable.vcxproj", "{837D1CAB-36BD-4DAE-8646-C818EF527E53}"
EndProject
Project("{8BC9CEB8-8B4A-11D0-8D11-00A0C91BC942}") = "Lua_ExportClass", "Lua_ExportClass\Lua_ExportClass.vcxproj", "{14AB3330-F9DF-4F4D-BB66-A2258615F249}"
EndProject
Project("{8BC9CEB8-8B4A-11D0-8D11-00A0C91BC942}") = "Lua_AutoExport", "Lua_AutoExport\Lua_AutoExport.vcxproj", "{EF839EB7-171D-4466-A365-C3964D6EA83E}"
EndProject
Project("{8BC9CEB8-8B4A-11D0-8D11-00A0C91BC942}") = "LuaCLib", "LuaCLib\LuaCLib.vcxproj", "{99BF99CA-2A90-4E2C-95BA-9FA98A4CB430}"
EndProject
Project("{8BC9CEB8-8B4A-11D0-8D11-00A0C91BC942}") = "Lua_Module", "Lua_Module\Lua_Module.vcxproj", "{1598BBFB-CF6C-4724-8125-888FBA61AFD9}"
EndProject
Project("{8BC9CEB8-8B4A-11D0-8D11-00A0C91BC942}") = "Lua_Coroutine", "Lua_Coroutine\Lua_Coroutine.vcxproj", "{64FA8D52-ED64-481C-B9EF-73EF347780C6}"
EndProject
Global
	GlobalSection(SolutionConfigurationPlatforms) = preSolution
		Debug|x64 = Debug|x64
		Debug|x86 = Debug|x86
		Release|x64 = Release|x64
		Release|x86 = Release|x86
	EndGlobalSection
	GlobalSection(ProjectConfigurationPlatforms) = postSolution
		{9D8EEBD4-E0B9-4999-B7F3-D5026BD5D01C}.Debug|x64.ActiveCfg = Debug|x64
		{9D8EEBD4-E0B9-4999-B7F3-D5026BD5D01C}.Debug|x64.Build.0 = Debug|x64
		{9D8EEBD4-E0B9-4999-B7F3-D5026BD5D01C}.Debug|x86.ActiveCfg = Debug|Win32
		{9D8EEBD4-E0B9-4999-B7F3-D5026BD5D01C}.Debug|x86.Build.0 = Debug|Win32
		{9D8EEBD4-E0B9-4999-B7F3-D5026BD5D01C}.Release|x64.ActiveCfg = Release|x64
		{9D8EEBD4-E0B9-4999-B7F3-D5026BD5D01C}.Release|x64.Build.0 = Release|x64
		{9D8EEBD4-E0B9-4999-B7F3-D5026BD5D01C}.Release|x86.ActiveCfg = Release|Win32
		{9D8EEBD4-E0B9-4999-B7F3-D5026BD5D01C}.Release|x86.Build.0 = Release|Win32
		{D2042BAD-FE04-4D2C-86C6-59AFB77018D9}.Debug|x64.ActiveCfg = Debug|x64
		{D2042BAD-FE04-4D2C-86C6-59AFB77018D9}.Debug|x64.Build.0 = Debug|x64
		{D2042BAD-FE04-4D2C-86C6-59AFB77018D9}.Debug|x86.ActiveCfg = Debug|Win32
		{D2042BAD-FE04-4D2C-86C6-59AFB77018D9}.Debug|x86.Build.0 = Debug|Win32
		{D2042BAD-FE04-4D2C-86C6-59AFB77018D9}.Release|x64.ActiveCfg = Release|x64
		{D2042BAD-FE04-4D2C-86C6-59AFB77018D9}.Release|x64.Build.0 = Release|x64
		{D2042BAD-FE04-4D2C-86C6-59AFB77018D9}.Release|x86.ActiveCfg = Release|Win32
		{D2042BAD-FE04-4D2C-86C6-59AFB77018D9}.Release|x86.Build.0 = Release|Win32
		{7A1F8B5D-52E0-4B23-A47E-E60B3BE40E37}.Debug|x64.ActiveCfg = Debug|x64
		{7A1F8B5D-52E0-4B23-A47E-E60B3BE40E37}.Debug|x64.Build.0 = Debug|x64
		{7A1F8B5D-52E0-4B23-A47E-E60B3BE40E37}.Debug|x86.ActiveCfg = Debug|Win32
		{7A1F8B5D-52E0-4B23-A47E-E60B3BE40E37}.Debug|x86.Build.0 = Debug|Win32
		{7A1F8B5D-52E0-4B23-A47E-E60B3BE40E37}.Release|x64.ActiveCfg = Release|x64
		{7A1F8B5D-52E0-4B23-A47E-E60B3BE40E37}.Release|x64.Build.0 = Release|x64
		{7A1F8B5D-52E0-4B23-A47E-E60B3BE40E37}.Release|x86.ActiveCfg = Release|Win32
		{7A1F8B5D-52E0-4B23-A47E-E60B3BE40E37}.Release|x86.Build.0 = Release|Win32
		{00F55156-53BA-40CC-8B24-A66AB6CF14F9}.Debug|x64.ActiveCfg = Debug|x64
		{00F55156-53BA-40CC-8B24-A66AB6CF14F9}.Debug|x64.Build.0 = Debug|x64
		{00F55156-53BA-40CC-8B24-A66AB6CF14F9}.Debug|x86.ActiveCfg = Debug|Win32
		{00F55156-53BA-40CC-8B24-A66AB6CF14F9}.Debug|x86.Build.0 = Debug|Win32
		{00F55156-53BA-40CC-8B24-A66AB6CF14F9}.Release|x64.ActiveCfg = Release|x64
		{00F55156-53BA-40CC-8B24-A66AB6CF14F9}.Release|x64.Build.0 = Release|x64
		{00F55156-53BA-40CC-8B24-A66AB6CF14F9}.Release|x86.ActiveCfg = Release|Win32
		{00F55156-53BA-40CC-8B24-A66AB6CF14F9}.Release|x86.Build.0 = Release|Win32
		{72093A1D-D089-4620-BE46-053703021074}.Debug|x64.ActiveCfg = Debug|x64
		{72093A1D-D089-4620-BE46-053703021074}.Debug|x64.Build.0 = Debug|x64
		{72093A1D-D089-4620-BE46-053703021074}.Debug|x86.ActiveCfg = Debug|Win32
		{72093A1D-D089-4620-BE46-053703021074}.Debug|x86.Build.0 = Debug|Win32
		{72093A1D-D089-4620-BE46-053703021074}.Release|x64.ActiveCfg = Release|x64
		{72093A1D-D089-4620-BE46-053703021074}.Release|x64.Build.0 = Release|x64
		{72093A1D-D089-4620-BE46-053703021074}.Release|x86.ActiveCfg = Release|Win32
		{72093A1D-D089-4620-BE46-053703021074}.Release|x86.Build.0 = Release|Win32
		{2C282045-A5C2-4432-B4B4-74F314196BBE}.Debug|x64.ActiveCfg = Debug|x64
		{2C282045-A5C2-4432-B4B4-74F314196BBE}.Debug|x64.Build.0 = Debug|x64
		{2C282045-A5C2-4432-B4B4-74F314196BBE}.Debug|x86.ActiveCfg = Debug|Win32
		{2C282045-A5C2-4432-B4B4-74F314196BBE}.Debug|x86.Build.0 = Debug|Win32
		{2C282045-A5C2-4432-B4B4-74F314196BBE}.Release|x64.ActiveCfg = Release|x64
		{2C282045-A5C2-4432-B4B4-74F314196BBE}.Release|x64.Build.0 = Release|x64
		{2C282045-A5C2-4432-B4B4-74F314196BBE}.Release|x86.ActiveCfg = Release|Win32
		{2C282045-A5C2-4432-B4B4-74F314196BBE}.Release|x86.Build.0 = Release|Win32
		{6ED70013-74D7-4CD4-AF24-D5D1EA476C52}.Debug|x64.ActiveCfg = Debug|x64
		{6ED70013-74D7-4CD4-AF24-D5D1EA476C52}.Debug|x64.Build.0 = Debug|x64
		{6ED70013-74D7-4CD4-AF24-D5D1EA476C52}.Debug|x86.ActiveCfg = Debug|Win32
		{6ED70013-74D7-4CD4-AF24-D5D1EA476C52}.Debug|x86.Build.0 = Debug|Win32
		{6ED70013-74D7-4CD4-AF24-D5D1EA476C52}.Release|x64.ActiveCfg = Release|x64
		{6ED70013-74D7-4CD4-AF24-D5D1EA476C52}.Release|x64.Build.0 = Release|x64
		{6ED70013-74D7-4CD4-AF24-D5D1EA476C52}.Release|x86.ActiveCfg = Release|Win32
		{6ED70013-74D7-4CD4-AF24-D5D1EA476C52}.Release|x86.Build.0 = Release|Win32
		{521EA97F-6E14-4EE6-9977-939FF2D536D6}.Debug|x64.ActiveCfg = Debug|x64
		{521EA97F-6E14-4EE6-9977-939FF2D536D6}.Debug|x64.Build.0 = Debug|x64
		{521EA97F-6E14-4EE6-9977-939FF2D536D6}.Debug|x86.ActiveCfg = Debug|Win32
		{521EA97F-6E14-4EE6-9977-939FF2D536D6}.Debug|x86.Build.0 = Debug|Win32
		{521EA97F-6E14-4EE6-9977-939FF2D536D6}.Release|x64.ActiveCfg = Release|x64
		{521EA97F-6E14-4EE6-9977-939FF2D536D6}.Release|x64.Build.0 = Release|x64
		{521EA97F-6E14-4EE6-9977-939FF2D536D6}.Release|x86.ActiveCfg = Release|Win32
		{521EA97F-6E14-4EE6-9977-939FF2D536D6}.Release|x86.Build.0 = Release|Win32
		{D30034BD-0A4B-4CD7-8C6D-FAF0B5DCAC3B}.Debug|x64.ActiveCfg = Debug|x64
		{D30034BD-0A4B-4CD7-8C6D-FAF0B5DCAC3B}.Debug|x64.Build.0 = Debug|x64
		{D30034BD-0A4B-4CD7-8C6D-FAF0B5DCAC3B}.Debug|x86.ActiveCfg = Debug|Win32
		{D30034BD-0A4B-4CD7-8C6D-FAF0B5DCAC3B}.Debug|x86.Build.0 = Debug|Win32
		{D30034BD-0A4B-4CD7-8C6D-FAF0B5DCAC3B}.Release|x64.ActiveCfg = Release|x64
		{D30034BD-0A4B-4CD7-8C6D-FAF0B5DCAC3B}.Release|x64.Build.0 = Release|x64
		{D30034BD-0A4B-4CD7-8C6D-FAF0B5DCAC3B}.Release|x86.ActiveCfg = Release|Win32
		{D30034BD-0A4B-4CD7-8C6D-FAF0B5DCAC3B}.Release|x86.Build.0 = Release|Win32
		{05530C38-BB43-48A4-9114-B6EFA4033539}.Debug|x64.ActiveCfg = Debug|x64
		{05530C38-BB43-48A4-9114-B6EFA4033539}.Debug|x64.Build.0 = Debug|x64
		{05530C38-BB43-48A4-9114-B6EFA4033539}.Debug|x86.ActiveCfg = Debug|Win32
		{05530C38-BB43-48A4-9114-B6EFA4033539}.Debug|x86.Build.0 = Debug|Win32
		{05530C38-BB43-48A4-9114-B6EFA4033539}.Release|x64.ActiveCfg = Release|x64
		{05530C38-BB43-48A4-9114-B6EFA4033539}.Release|x64.Build.0 = Release|x64
		{05530C38-BB43-48A4-9114-B6EFA4033539}.Release|x86.ActiveCfg = Release|Win32
		{05530C38-BB43-48A4-9114-B6EFA4033539}.Release|x86.Build.0 = Release|Win32
		{1F6F3F9C-6784-4EB9-A142-4C884BB16845}.Debug|x64.ActiveCfg = Debug|x64
		{1F6F3F9C-6784-4EB9-A142-4C884BB16845}.Debug|x64.Build.0 = Debug|x64
		{1F6F3F9C-6784-4EB9-A142-4C884BB16845}.Debug|x86.ActiveCfg = Debug|Win32
		{1F6F3F9C-6784-4EB9-A142-4C884BB16845}.Debug|x86.Build.0 = Debug|Win32
		{1F6F3F9C-6784-4EB9-A142-4C884BB16845}.Release|x64.ActiveCfg = Release|x64
		{1F6F3F9C-6784-4EB9-A142-4C884BB16845}.Release|x64.Build.0 = Release|x64
		{1F6F3F9C-6784-4EB9-A142-4C884BB16845}.Release|x86.ActiveCfg = Release|Win32
		{1F6F3F9C-6784-4EB9-A142-4C884BB16845}.Release|x86.Build.0 = Release|Win32
		{B12702AD-ABFB-343A-A199-8E24837244A3}.Debug|x64.ActiveCfg = Debug|x64
		{B12702AD-ABFB-343A-A199-8E24837244A3}.Debug|x64.Build.0 = Debug|x64
		{B12702AD-ABFB-343A-A199-8E24837244A3}.Debug|x86.ActiveCfg = Debug|x64
		{B12702AD-ABFB-343A-A199-8E24837244A3}.Release|x64.ActiveCfg = Release|x64
		{B12702AD-ABFB-343A-A199-8E24837244A3}.Release|x64.Build.0 = Release|x64
		{B12702AD-ABFB-343A-A199-8E24837244A3}.Release|x86.ActiveCfg = Release|x64
		{3615DBF4-4C15-4185-969E-BCEF2CFA1389}.Debug|x64.ActiveCfg = Debug|x64
		{3615DBF4-4C15-4185-969E-BCEF2CFA1389}.Debug|x64.Build.0 = Debug|x64
		{3615DBF4-4C15-4185-969E-BCEF2CFA1389}.Debug|x86.ActiveCfg = Debug|x64
		{3615DBF4-4C15-4185-969E-BCEF2CFA1389}.Release|x64.ActiveCfg = Release|x64
		{3615DBF4-4C15-4185-969E-BCEF2CFA1389}.Release|x64.Build.0 = Release|x64
		{3615DBF4-4C15-4185-969E-BCEF2CFA1389}.Release|x86.ActiveCfg = Release|x64
		{9FC8CD82-10FC-4C44-8BE3-2D4B6115D479}.Debug|x64.ActiveCfg = Debug|x64
		{9FC8CD82-10FC-4C44-8BE3-2D4B6115D479}.Debug|x64.Build.0 = Debug|x64
		{9FC8CD82-10FC-4C44-8BE3-2D4B6115D479}.Debug|x86.ActiveCfg = Debug|Win32
		{9FC8CD82-10FC-4C44-8BE3-2D4B6115D479}.Debug|x86.Build.0 = Debug|Win32
		{9FC8CD82-10FC-4C44-8BE3-2D4B6115D479}.Release|x64.ActiveCfg = Release|x64
		{9FC8CD82-10FC-4C44-8BE3-2D4B6115D479}.Release|x64.Build.0 = Release|x64
		{9FC8CD82-10FC-4C44-8BE3-2D4B6115D479}.Release|x86.ActiveCfg = Release|Win32
		{9FC8CD82-10FC-4C44-8BE3-2D4B6115D479}.Release|x86.Build.0 = Release|Win32
		{6B0AAB0E-14C7-4558-80DF-547AE80C6872}.Debug|x64.ActiveCfg = Debug|x64
		{6B0AAB0E-14C7-4558-80DF-547AE80C6872}.Debug|x64.Build.0 = Debug|x64
		{6B0AAB0E-14C7-4558-80DF-547AE80C6872}.Debug|x86.ActiveCfg = Debug|Win32
		{6B0AAB0E-14C7-4558-80DF-547AE80C6872}.Debug|x86.Build.0 = Debug|Win32
		{6B0AAB0E-14C7-4558-80DF-547AE80C6872}.Release|x64.ActiveCfg = Release|x64
		{6B0AAB0E-14C7-4558-80DF-547AE80C6872}.Release|x64.Build.0 = Release|x64
		{6B0AAB0E-14C7-4558-80DF-547AE80C6872}.Release|x86.ActiveCfg = Release|Win32
		{6B0AAB0E-14C7-4558-80DF-547AE80C6872}.Release|x86.Build.0 = Release|Win32
		{141409B5-3876-443D-9A25-18FB2D707A15}.Debug|x64.ActiveCfg = Debug|x64
		{141409B5-3876-443D-9A25-18FB2D707A15}.Debug|x64.Build.0 = Debug|x64
		{141409B5-3876-443D-9A25-18FB2D707A15}.Debug|x86.ActiveCfg = Debug|Win32
		{141409B5-3876-443D-9A25-18FB2D707A15}.Debug|x86.Build.0 = Debug|Win32
		{141409B5-3876-443D-9A25-18FB2D707A15}.Release|x64.ActiveCfg = Release|x64
		{141409B5-3876-443D-9A25-18FB2D707A15}.Release|x64.Build.0 = Release|x64
		{141409B5-3876-443D-9A25-18FB2D707A15}.Release|x86.ActiveCfg = Release|Win32
		{141409B5-3876-443D-9A25-18FB2D707A15}.Release|x86.Build.0 = Release|Win32
		{28AF3A72-07B6-4D50-9DC7-18EAF0629375}.Debug|x64.ActiveCfg = Debug|x64
		{28AF3A72-07B6-4D50-9DC7-18EAF0629375}.Debug|x64.Build.0 = Debug|x64
		{28AF3A72-07B6-4D50-9DC7-18EAF0629375}.Debug|x86.ActiveCfg = Debug|Win32
		{28AF3A72-07B6-4D50-9DC7-18EAF0629375}.Debug|x86.Build.0 = Debug|Win32
		{28AF3A72-07B6-4D50-9DC7-18EAF0629375}.Release|x64.ActiveCfg = Release|x64
		{28AF3A72-07B6-4D50-9DC7-18EAF0629375}.Release|x64.Build.0 = Release|x64
		{28AF3A72-07B6-4D50-9DC7-18EAF0629375}.Release|x86.ActiveCfg = Release|Win32
		{28AF3A72-07B6-4D50-9DC7-18EAF0629375}.Release|x86.Build.0 = Release|Win32
		{837D1CAB-36BD-4DAE-8646-C818EF527E53}.Debug|x64.ActiveCfg = Debug|x64
		{837D1CAB-36BD-4DAE-8646-C818EF527E53}.Debug|x64.Build.0 = Debug|x64
		{837D1CAB-36BD-4DAE-8646-C818EF527E53}.Debug|x86.ActiveCfg = Debug|Win32
		{837D1CAB-36BD-4DAE-8646-C818EF527E53}.Debug|x86.Build.0 = Debug|Win32
		{837D1CAB-36BD-4DAE-8646-C818EF527E53}.Release|x64.ActiveCfg = Release|x64
		{837D1CAB-36BD-4DAE-8646-C818EF527E53}.Release|x64.Build.0 = Release|x64
		{837D1CAB-36BD-4DAE-8646-C818EF527E53}.Release|x86.ActiveCfg = Release|Win32
		{837D1CAB-36BD-4DAE-8646-C818EF527E53}.Release|x86.Build.0 = Release|Win32
		{14AB3330-F9DF-4F4D-BB66-A2258615F249}.Debug|x64.ActiveCfg = Debug|x64
		{14AB3330-F9DF-4F4D-BB66-A2258615F249}.Debug|x64.Build.0 = Debug|x64
		{14AB3330-F9DF-4F4D-BB66-A2258615F249}.Debug|x86.ActiveCfg = Debug|Win32
		{14AB3330-F9DF-4F4D-BB66-A2258615F249}.Debug|x86.Build.0 = Debug|Win32
		{14AB3330-F9DF-4F4D-BB66-A2258615F249}.Release|x64.ActiveCfg = Release|x64
		{14AB3330-F9DF-4F4D-BB66-A2258615F249}.Release|x64.Build.0 = Release|x64
		{14AB3330-F9DF-4F4D-BB66-A2258615F249}.Release|x86.ActiveCfg = Release|Win32
		{14AB3330-F9DF-4F4D-BB66-A2258615F249}.Release|x86.Build.0 = Release|Win32
		{EF839EB7-171D-4466-A365-C3964D6EA83E}.Debug|x64.ActiveCfg = Debug|x64
		{EF839EB7-171D-4466-A365-C3964D6EA83E}.Debug|x64.Build.0 = Debug|x64
		{EF839EB7-171D-4466-A365-C3964D6EA83E}.Debug|x86.ActiveCfg = Debug|Win32
		{EF839EB7-171D-4466-A365-C3964D6EA83E}.Debug|x86.Build.0 = Debug|Win32
		{EF839EB7-171D-4466-A365-C3964D6EA83E}.Release|x64.ActiveCfg = Release|x64
		{EF839EB7-171D-4466-A365-C3964D6EA83E}.Release|x64.Build.0 = Release|x64
		{EF839EB7-171D-4466-A365-C3964D6EA83E}.Release|x86.ActiveCfg = Release|Win32
		{EF839EB7-171D-4466-A365-C3964D6EA83E}.Release|x86.Build.0 = Release|Win32
		{99BF99CA-2A90-4E2C-95BA-9FA98A4CB430}.Debug|x64.ActiveCfg = Debug|x64
		{99BF99CA-2A90-4E2C-95BA-9FA98A4CB430}.Debug|x64.Build.0 = Debug|x64
		{99BF99CA-2A90-4E2C-95BA-9FA98A4CB430}.Debug|x86.ActiveCfg = Debug|Win32
		{99BF99CA-2A90-4E2C-95BA-9FA98A4CB430}.Debug|x86.Build.0 = Debug|Win32
		{99BF99CA-2A90-4E2C-95BA-9FA98A4CB430}.Release|x64.ActiveCfg = Release|x64
		{99BF99CA-2A90-4E2C-95BA-9FA98A4CB430}.Release|x64.Build.0 = Release|x64
		{99BF99CA-2A90-4E2C-95BA-9FA98A4CB430}.Release|x86.ActiveCfg = Release|Win32
		{99BF99CA-2A90-4E2C-95BA-9FA98A4CB430}.Release|x86.Build.0 = Release|Win32
		{1598BBFB-CF6C-4724-8125-888FBA61AFD9}.Debug|x64.ActiveCfg = Debug|x64
		{1598BBFB-CF6C-4724-8125-888FBA61AFD9}.Debug|x64.Build.0 = Debug|x64
		{1598BBFB-CF6C-4724-8125-888FBA61AFD9}.Debug|x86.ActiveCfg = Debug|Win32
		{1598BBFB-CF6C-4724-8125-888FBA61AFD9}.Debug|x86.Build.0 = Debug|Win32
		{1598BBFB-CF6C-4724-8125-888FBA61AFD9}.Release|x64.ActiveCfg = Release|x64
		{1598BBFB-CF6C-4724-8125-888FBA61AFD9}.Release|x64.Build.0 = Release|x64
		{1598BBFB-CF6C-4724-8125-888FBA61AFD9}.Release|x86.ActiveCfg = Release|Win32
		{1598BBFB-CF6C-4724-8125-888FBA61AFD9}.Release|x86.Build.0 = Release|Win32
		{64FA8D52-ED64-481C-B9EF-73EF347780C6}.Debug|x64.ActiveCfg = Debug|x64
		{64FA8D52-ED64-481C-B9EF-73EF347780C6}.Debug|x64.Build.0 = Debug|x64
		{64FA8D52-ED64-481C-B9EF-73EF347780C6}.Debug|x86.ActiveCfg = Debug|Win32
		{64FA8D52-ED64-481C-B9EF-73EF347780C6}.Debug|x86.Build.0 = Debug|Win32
		{64FA8D52-ED64-481C-B9EF-73EF347780C6}.Release|x64.ActiveCfg = Release|x64
		{64FA8D52-ED64-481C-B9EF-73EF347780C6}.Release|x64.Build.0 = Release|x64
		{64FA8D52-ED64-481C-B9EF-73EF347780C6}.Release|x86.ActiveCfg = Release|Win32
		{64FA8D52-ED64-481C-B9EF-73EF347780C6}.Release|x86.Build.0 = Release|Win32
	EndGlobalSection
	GlobalSection(SolutionProperties) = preSolution
		HideSolutionNode = FALSE
	EndGlobalSection
EndGlobal
