
Microsoft Visual Studio Solution File, Format Version 12.00
# Visual Studio 14
VisualStudioVersion = 14.0.25420.1
MinimumVisualStudioVersion = 10.0.40219.1
Project("{8BC9CEB8-8B4A-11D0-8D11-00A0C91BC942}") = "XOpenGL_1.0", "XOpenGL_1.0\XOpenGL_1.0.vcxproj", "{9D8EEBD4-E0B9-4999-B7F3-D5026BD5D01C}"
EndProject
Project("{8BC9CEB8-8B4A-11D0-8D11-00A0C91BC942}") = "OpenGL-Win32", "OpenGL-Win32\OpenGL-Win32.vcxproj", "{D2042BAD-FE04-4D2C-86C6-59AFB77018D9}"
EndProject
Project("{8BC9CEB8-8B4A-11D0-8D11-00A0C91BC942}") = "OpenGL-MFC-Dialog", "OpenGL-MFC-Dialog\OpenGL-MFC-Dialog.vcxproj", "{7A1F8B5D-52E0-4B23-A47E-E60B3BE40E37}"
EndProject
Project("{8BC9CEB8-8B4A-11D0-8D11-00A0C91BC942}") = "OpenGL-MFC-SDI", "OpenGL-MFC-SDI\OpenGL-MFC-SDI.vcxproj", "{00F55156-53BA-40CC-8B24-A66AB6CF14F9}"
EndProject
Project("{8BC9CEB8-8B4A-11D0-8D11-00A0C91BC942}") = "OpenGL-MFC-MDI", "OpenGL-MFC-MDI\OpenGL-MFC-MDI.vcxproj", "{72093A1D-D089-4620-BE46-053703021074}"
EndProject
Project("{8BC9CEB8-8B4A-11D0-8D11-00A0C91BC942}") = "OpenGLES2.0-Win32", "OpenGLES2.0-Win32\OpenGLES2.0-Win32.vcxproj", "{2C282045-A5C2-4432-B4B4-74F314196BBE}"
EndProject
Project("{8BC9CEB8-8B4A-11D0-8D11-00A0C91BC942}") = "OpenGLES2.0-MFC-Dialog", "OpenGLES2.0-MFC-Dialog\OpenGLES2.0-MFC-Dialog.vcxproj", "{6ED70013-74D7-4CD4-AF24-D5D1EA476C52}"
EndProject
Project("{8BC9CEB8-8B4A-11D0-8D11-00A0C91BC942}") = "OpenGLES2.0-Win32-FullScreen", "OpenGLES2.0-Win32-FullScreen\OpenGLES2.0-Win32-FullScreen.vcxproj", "{521EA97F-6E14-4EE6-9977-939FF2D536D6}"
EndProject
Project("{8BC9CEB8-8B4A-11D0-8D11-00A0C91BC942}") = "OpenGL-Win32-FullScreen", "OpenGL-Win32-FullScreen\OpenGL-Win32-FullScreen.vcxproj", "{D30034BD-0A4B-4CD7-8C6D-FAF0B5DCAC3B}"
EndProject
Project("{8BC9CEB8-8B4A-11D0-8D11-00A0C91BC942}") = "OpenGL-Glut", "OpenGL-Glut\OpenGL-Glut.vcxproj", "{05530C38-BB43-48A4-9114-B6EFA4033539}"
EndProject
Global
	GlobalSection(SolutionConfigurationPlatforms) = preSolution
		Debug|x64 = Debug|x64
		Debug|x86 = Debug|x86
		Release|x64 = Release|x64
		Release|x86 = Release|x86
	EndGlobalSection
	GlobalSection(ProjectConfigurationPlatforms) = postSolution
		{9D8EEBD4-E0B9-4999-B7F3-D5026BD5D01C}.Debug|x64.ActiveCfg = Debug|x64
		{9D8EEBD4-E0B9-4999-B7F3-D5026BD5D01C}.Debug|x64.Build.0 = Debug|x64
		{9D8EEBD4-E0B9-4999-B7F3-D5026BD5D01C}.Debug|x86.ActiveCfg = Debug|Win32
		{9D8EEBD4-E0B9-4999-B7F3-D5026BD5D01C}.Debug|x86.Build.0 = Debug|Win32
		{9D8EEBD4-E0B9-4999-B7F3-D5026BD5D01C}.Release|x64.ActiveCfg = Release|x64
		{9D8EEBD4-E0B9-4999-B7F3-D5026BD5D01C}.Release|x64.Build.0 = Release|x64
		{9D8EEBD4-E0B9-4999-B7F3-D5026BD5D01C}.Release|x86.ActiveCfg = Release|Win32
		{9D8EEBD4-E0B9-4999-B7F3-D5026BD5D01C}.Release|x86.Build.0 = Release|Win32
		{D2042BAD-FE04-4D2C-86C6-59AFB77018D9}.Debug|x64.ActiveCfg = Debug|x64
		{D2042BAD-FE04-4D2C-86C6-59AFB77018D9}.Debug|x64.Build.0 = Debug|x64
		{D2042BAD-FE04-4D2C-86C6-59AFB77018D9}.Debug|x86.ActiveCfg = Debug|Win32
		{D2042BAD-FE04-4D2C-86C6-59AFB77018D9}.Debug|x86.Build.0 = Debug|Win32
		{D2042BAD-FE04-4D2C-86C6-59AFB77018D9}.Release|x64.ActiveCfg = Release|x64
		{D2042BAD-FE04-4D2C-86C6-59AFB77018D9}.Release|x64.Build.0 = Release|x64
		{D2042BAD-FE04-4D2C-86C6-59AFB77018D9}.Release|x86.ActiveCfg = Release|Win32
		{D2042BAD-FE04-4D2C-86C6-59AFB77018D9}.Release|x86.Build.0 = Release|Win32
		{7A1F8B5D-52E0-4B23-A47E-E60B3BE40E37}.Debug|x64.ActiveCfg = Debug|x64
		{7A1F8B5D-52E0-4B23-A47E-E60B3BE40E37}.Debug|x64.Build.0 = Debug|x64
		{7A1F8B5D-52E0-4B23-A47E-E60B3BE40E37}.Debug|x86.ActiveCfg = Debug|Win32
		{7A1F8B5D-52E0-4B23-A47E-E60B3BE40E37}.Debug|x86.Build.0 = Debug|Win32
		{7A1F8B5D-52E0-4B23-A47E-E60B3BE40E37}.Release|x64.ActiveCfg = Release|x64
		{7A1F8B5D-52E0-4B23-A47E-E60B3BE40E37}.Release|x64.Build.0 = Release|x64
		{7A1F8B5D-52E0-4B23-A47E-E60B3BE40E37}.Release|x86.ActiveCfg = Release|Win32
		{7A1F8B5D-52E0-4B23-A47E-E60B3BE40E37}.Release|x86.Build.0 = Release|Win32
		{00F55156-53BA-40CC-8B24-A66AB6CF14F9}.Debug|x64.ActiveCfg = Debug|x64
		{00F55156-53BA-40CC-8B24-A66AB6CF14F9}.Debug|x64.Build.0 = Debug|x64
		{00F55156-53BA-40CC-8B24-A66AB6CF14F9}.Debug|x86.ActiveCfg = Debug|Win32
		{00F55156-53BA-40CC-8B24-A66AB6CF14F9}.Debug|x86.Build.0 = Debug|Win32
		{00F55156-53BA-40CC-8B24-A66AB6CF14F9}.Release|x64.ActiveCfg = Release|x64
		{00F55156-53BA-40CC-8B24-A66AB6CF14F9}.Release|x64.Build.0 = Release|x64
		{00F55156-53BA-40CC-8B24-A66AB6CF14F9}.Release|x86.ActiveCfg = Release|Win32
		{00F55156-53BA-40CC-8B24-A66AB6CF14F9}.Release|x86.Build.0 = Release|Win32
		{72093A1D-D089-4620-BE46-053703021074}.Debug|x64.ActiveCfg = Debug|x64
		{72093A1D-D089-4620-BE46-053703021074}.Debug|x64.Build.0 = Debug|x64
		{72093A1D-D089-4620-BE46-053703021074}.Debug|x86.ActiveCfg = Debug|Win32
		{72093A1D-D089-4620-BE46-053703021074}.Debug|x86.Build.0 = Debug|Win32
		{72093A1D-D089-4620-BE46-053703021074}.Release|x64.ActiveCfg = Release|x64
		{72093A1D-D089-4620-BE46-053703021074}.Release|x64.Build.0 = Release|x64
		{72093A1D-D089-4620-BE46-053703021074}.Release|x86.ActiveCfg = Release|Win32
		{72093A1D-D089-4620-BE46-053703021074}.Release|x86.Build.0 = Release|Win32
		{2C282045-A5C2-4432-B4B4-74F314196BBE}.Debug|x64.ActiveCfg = Debug|x64
		{2C282045-A5C2-4432-B4B4-74F314196BBE}.Debug|x64.Build.0 = Debug|x64
		{2C282045-A5C2-4432-B4B4-74F314196BBE}.Debug|x86.ActiveCfg = Debug|Win32
		{2C282045-A5C2-4432-B4B4-74F314196BBE}.Debug|x86.Build.0 = Debug|Win32
		{2C282045-A5C2-4432-B4B4-74F314196BBE}.Release|x64.ActiveCfg = Release|x64
		{2C282045-A5C2-4432-B4B4-74F314196BBE}.Release|x64.Build.0 = Release|x64
		{2C282045-A5C2-4432-B4B4-74F314196BBE}.Release|x86.ActiveCfg = Release|Win32
		{2C282045-A5C2-4432-B4B4-74F314196BBE}.Release|x86.Build.0 = Release|Win32
		{6ED70013-74D7-4CD4-AF24-D5D1EA476C52}.Debug|x64.ActiveCfg = Debug|x64
		{6ED70013-74D7-4CD4-AF24-D5D1EA476C52}.Debug|x64.Build.0 = Debug|x64
		{6ED70013-74D7-4CD4-AF24-D5D1EA476C52}.Debug|x86.ActiveCfg = Debug|Win32
		{6ED70013-74D7-4CD4-AF24-D5D1EA476C52}.Debug|x86.Build.0 = Debug|Win32
		{6ED70013-74D7-4CD4-AF24-D5D1EA476C52}.Release|x64.ActiveCfg = Release|x64
		{6ED70013-74D7-4CD4-AF24-D5D1EA476C52}.Release|x64.Build.0 = Release|x64
		{6ED70013-74D7-4CD4-AF24-D5D1EA476C52}.Release|x86.ActiveCfg = Release|Win32
		{6ED70013-74D7-4CD4-AF24-D5D1EA476C52}.Release|x86.Build.0 = Release|Win32
		{521EA97F-6E14-4EE6-9977-939FF2D536D6}.Debug|x64.ActiveCfg = Debug|x64
		{521EA97F-6E14-4EE6-9977-939FF2D536D6}.Debug|x64.Build.0 = Debug|x64
		{521EA97F-6E14-4EE6-9977-939FF2D536D6}.Debug|x86.ActiveCfg = Debug|Win32
		{521EA97F-6E14-4EE6-9977-939FF2D536D6}.Debug|x86.Build.0 = Debug|Win32
		{521EA97F-6E14-4EE6-9977-939FF2D536D6}.Release|x64.ActiveCfg = Release|x64
		{521EA97F-6E14-4EE6-9977-939FF2D536D6}.Release|x64.Build.0 = Release|x64
		{521EA97F-6E14-4EE6-9977-939FF2D536D6}.Release|x86.ActiveCfg = Release|Win32
		{521EA97F-6E14-4EE6-9977-939FF2D536D6}.Release|x86.Build.0 = Release|Win32
		{D30034BD-0A4B-4CD7-8C6D-FAF0B5DCAC3B}.Debug|x64.ActiveCfg = Debug|x64
		{D30034BD-0A4B-4CD7-8C6D-FAF0B5DCAC3B}.Debug|x64.Build.0 = Debug|x64
		{D30034BD-0A4B-4CD7-8C6D-FAF0B5DCAC3B}.Debug|x86.ActiveCfg = Debug|Win32
		{D30034BD-0A4B-4CD7-8C6D-FAF0B5DCAC3B}.Debug|x86.Build.0 = Debug|Win32
		{D30034BD-0A4B-4CD7-8C6D-FAF0B5DCAC3B}.Release|x64.ActiveCfg = Release|x64
		{D30034BD-0A4B-4CD7-8C6D-FAF0B5DCAC3B}.Release|x64.Build.0 = Release|x64
		{D30034BD-0A4B-4CD7-8C6D-FAF0B5DCAC3B}.Release|x86.ActiveCfg = Release|Win32
		{D30034BD-0A4B-4CD7-8C6D-FAF0B5DCAC3B}.Release|x86.Build.0 = Release|Win32
		{05530C38-BB43-48A4-9114-B6EFA4033539}.Debug|x64.ActiveCfg = Debug|x64
		{05530C38-BB43-48A4-9114-B6EFA4033539}.Debug|x64.Build.0 = Debug|x64
		{05530C38-BB43-48A4-9114-B6EFA4033539}.Debug|x86.ActiveCfg = Debug|Win32
		{05530C38-BB43-48A4-9114-B6EFA4033539}.Debug|x86.Build.0 = Debug|Win32
		{05530C38-BB43-48A4-9114-B6EFA4033539}.Release|x64.ActiveCfg = Release|x64
		{05530C38-BB43-48A4-9114-B6EFA4033539}.Release|x64.Build.0 = Release|x64
		{05530C38-BB43-48A4-9114-B6EFA4033539}.Release|x86.ActiveCfg = Release|Win32
		{05530C38-BB43-48A4-9114-B6EFA4033539}.Release|x86.Build.0 = Release|Win32
	EndGlobalSection
	GlobalSection(SolutionProperties) = preSolution
		HideSolutionNode = FALSE
	EndGlobalSection
EndGlobal
